
Microsoft Visual Studio Solution File, Format Version 12.00
# Visual Studio Version 16
VisualStudioVersion = 16.0.29911.84
MinimumVisualStudioVersion = 10.0.40219.1
Project("{FAE04EC0-301F-11D3-BF4B-00C04F79EFBC}") = "BookListRazor", "BookListRazor\BookListRazor.csproj", "{F75CD812-63A6-4C8B-B15C-27812104554C}"
EndProject
Global
	GlobalSection(SolutionConfigurationPlatforms) = preSolution
		Debug|Any CPU = Debug|Any CPU
		Release|Any CPU = Release|Any CPU
	EndGlobalSection
	GlobalSection(ProjectConfigurationPlatforms) = postSolution
		{F75CD812-63A6-4C8B-B15C-27812104554C}.Debug|Any CPU.ActiveCfg = Debug|Any CPU
		{F75CD812-63A6-4C8B-B15C-27812104554C}.Debug|Any CPU.Build.0 = Debug|Any CPU
		{F75CD812-63A6-4C8B-B15C-27812104554C}.Release|Any CPU.ActiveCfg = Release|Any CPU
		{F75CD812-63A6-4C8B-B15C-27812104554C}.Release|Any CPU.Build.0 = Release|Any CPU
	EndGlobalSection
	GlobalSection(SolutionProperties) = preSolution
		HideSolutionNode = FALSE
	EndGlobalSection
	GlobalSection(ExtensibilityGlobals) = postSolution
		SolutionGuid = {EC08D8CD-EAD6-4796-AC0C-5DFD8892EFA8}
	EndGlobalSection
EndGlobal
